// !$*UTF8*$!
{
	archiveVersion = 1;
	classes = {
	};
	objectVersion = 46;
	objects = {

/* Begin PBXBuildFile section */
		E2FB27111CFD782A006FBA1B /* AppDelegate.swift in Sources */ = {isa = PBXBuildFile; fileRef = E2FB27101CFD782A006FBA1B /* AppDelegate.swift */; };
		E2FB27131CFD782A006FBA1B /* GameScene.sks in Resources */ = {isa = PBXBuildFile; fileRef = E2FB27121CFD782A006FBA1B /* GameScene.sks */; };
		E2FB27151CFD782A006FBA1B /* GameScene.swift in Sources */ = {isa = PBXBuildFile; fileRef = E2FB27141CFD782A006FBA1B /* GameScene.swift */; };
		E2FB27171CFD782A006FBA1B /* GameViewController.swift in Sources */ = {isa = PBXBuildFile; fileRef = E2FB27161CFD782A006FBA1B /* GameViewController.swift */; };
		E2FB271A1CFD782A006FBA1B /* Main.storyboard in Resources */ = {isa = PBXBuildFile; fileRef = E2FB27181CFD782A006FBA1B /* Main.storyboard */; };
		E2FB271C1CFD782A006FBA1B /* Assets.xcassets in Resources */ = {isa = PBXBuildFile; fileRef = E2FB271B1CFD782A006FBA1B /* Assets.xcassets */; };
		E2FB271F1CFD782A006FBA1B /* LaunchScreen.storyboard in Resources */ = {isa = PBXBuildFile; fileRef = E2FB271D1CFD782A006FBA1B /* LaunchScreen.storyboard */; };
		E2FB273D1CFD7BAB006FBA1B /* explosion.caf in Resources */ = {isa = PBXBuildFile; fileRef = E2FB27271CFD7BAB006FBA1B /* explosion.caf */; };
		E2FB273E1CFD7BAB006FBA1B /* launch.caf in Resources */ = {isa = PBXBuildFile; fileRef = E2FB27281CFD7BAB006FBA1B /* launch.caf */; };
		E2FB273F1CFD7BAB006FBA1B /* penguin.png in Resources */ = {isa = PBXBuildFile; fileRef = E2FB27291CFD7BAB006FBA1B /* penguin.png */; };
		E2FB27401CFD7BAB006FBA1B /* penguin@2x.png in Resources */ = {isa = PBXBuildFile; fileRef = E2FB272A1CFD7BAB006FBA1B /* penguin@2x.png */; };
		E2FB27411CFD7BAB006FBA1B /* sliceBackground.png in Resources */ = {isa = PBXBuildFile; fileRef = E2FB272B1CFD7BAB006FBA1B /* sliceBackground.png */; };
		E2FB27421CFD7BAB006FBA1B /* sliceBackground@2x.png in Resources */ = {isa = PBXBuildFile; fileRef = E2FB272C1CFD7BAB006FBA1B /* sliceBackground@2x.png */; };
		E2FB27431CFD7BAB006FBA1B /* sliceBomb.png in Resources */ = {isa = PBXBuildFile; fileRef = E2FB272D1CFD7BAB006FBA1B /* sliceBomb.png */; };
		E2FB27441CFD7BAB006FBA1B /* sliceBomb@2x.png in Resources */ = {isa = PBXBuildFile; fileRef = E2FB272E1CFD7BAB006FBA1B /* sliceBomb@2x.png */; };
		E2FB27451CFD7BAB006FBA1B /* sliceBombFuse.caf in Resources */ = {isa = PBXBuildFile; fileRef = E2FB272F1CFD7BAB006FBA1B /* sliceBombFuse.caf */; };
		E2FB27461CFD7BAB006FBA1B /* sliceFuse.sks in Resources */ = {isa = PBXBuildFile; fileRef = E2FB27301CFD7BAB006FBA1B /* sliceFuse.sks */; };
		E2FB27471CFD7BAB006FBA1B /* sliceHitBomb.sks in Resources */ = {isa = PBXBuildFile; fileRef = E2FB27311CFD7BAB006FBA1B /* sliceHitBomb.sks */; };
		E2FB27481CFD7BAB006FBA1B /* sliceHitEnemy.sks in Resources */ = {isa = PBXBuildFile; fileRef = E2FB27321CFD7BAB006FBA1B /* sliceHitEnemy.sks */; };
		E2FB27491CFD7BAB006FBA1B /* sliceLife.png in Resources */ = {isa = PBXBuildFile; fileRef = E2FB27331CFD7BAB006FBA1B /* sliceLife.png */; };
		E2FB274A1CFD7BAB006FBA1B /* sliceLife@2x.png in Resources */ = {isa = PBXBuildFile; fileRef = E2FB27341CFD7BAB006FBA1B /* sliceLife@2x.png */; };
		E2FB274B1CFD7BAB006FBA1B /* sliceLifeGone.png in Resources */ = {isa = PBXBuildFile; fileRef = E2FB27351CFD7BAB006FBA1B /* sliceLifeGone.png */; };
		E2FB274C1CFD7BAB006FBA1B /* sliceLifeGone@2x.png in Resources */ = {isa = PBXBuildFile; fileRef = E2FB27361CFD7BAB006FBA1B /* sliceLifeGone@2x.png */; };
		E2FB274D1CFD7BAB006FBA1B /* spark.png in Resources */ = {isa = PBXBuildFile; fileRef = E2FB27371CFD7BAB006FBA1B /* spark.png */; };
		E2FB274E1CFD7BAB006FBA1B /* swoosh1.caf in Resources */ = {isa = PBXBuildFile; fileRef = E2FB27381CFD7BAB006FBA1B /* swoosh1.caf */; };
		E2FB274F1CFD7BAB006FBA1B /* swoosh2.caf in Resources */ = {isa = PBXBuildFile; fileRef = E2FB27391CFD7BAB006FBA1B /* swoosh2.caf */; };
		E2FB27501CFD7BAB006FBA1B /* swoosh3.caf in Resources */ = {isa = PBXBuildFile; fileRef = E2FB273A1CFD7BAB006FBA1B /* swoosh3.caf */; };
		E2FB27511CFD7BAB006FBA1B /* whack.caf in Resources */ = {isa = PBXBuildFile; fileRef = E2FB273B1CFD7BAB006FBA1B /* whack.caf */; };
		E2FB27521CFD7BAB006FBA1B /* wrong.caf in Resources */ = {isa = PBXBuildFile; fileRef = E2FB273C1CFD7BAB006FBA1B /* wrong.caf */; };
		E2FB27541CFD7BEF006FBA1B /* Helper.swift in Sources */ = {isa = PBXBuildFile; fileRef = E2FB27531CFD7BEF006FBA1B /* Helper.swift */; };
/* End PBXBuildFile section */

/* Begin PBXFileReference section */
		E2FB270D1CFD782A006FBA1B /* SwiftyNinja.Project17.app */ = {isa = PBXFileReference; explicitFileType = wrapper.application; includeInIndex = 0; path = SwiftyNinja.Project17.app; sourceTree = BUILT_PRODUCTS_DIR; };
		E2FB27101CFD782A006FBA1B /* AppDelegate.swift */ = {isa = PBXFileReference; lastKnownFileType = sourcecode.swift; path = AppDelegate.swift; sourceTree = "<group>"; };
		E2FB27121CFD782A006FBA1B /* GameScene.sks */ = {isa = PBXFileReference; lastKnownFileType = file.sks; path = GameScene.sks; sourceTree = "<group>"; };
		E2FB27141CFD782A006FBA1B /* GameScene.swift */ = {isa = PBXFileReference; lastKnownFileType = sourcecode.swift; path = GameScene.swift; sourceTree = "<group>"; };
		E2FB27161CFD782A006FBA1B /* GameViewController.swift */ = {isa = PBXFileReference; lastKnownFileType = sourcecode.swift; path = GameViewController.swift; sourceTree = "<group>"; };
		E2FB27191CFD782A006FBA1B /* Base */ = {isa = PBXFileReference; lastKnownFileType = file.storyboard; name = Base; path = Base.lproj/Main.storyboard; sourceTree = "<group>"; };
		E2FB271B1CFD782A006FBA1B /* Assets.xcassets */ = {isa = PBXFileReference; lastKnownFileType = folder.assetcatalog; path = Assets.xcassets; sourceTree = "<group>"; };
		E2FB271E1CFD782A006FBA1B /* Base */ = {isa = PBXFileReference; lastKnownFileType = file.storyboard; name = Base; path = Base.lproj/LaunchScreen.storyboard; sourceTree = "<group>"; };
		E2FB27201CFD782A006FBA1B /* Info.plist */ = {isa = PBXFileReference; lastKnownFileType = text.plist.xml; path = Info.plist; sourceTree = "<group>"; };
		E2FB27271CFD7BAB006FBA1B /* explosion.caf */ = {isa = PBXFileReference; lastKnownFileType = file; path = explosion.caf; sourceTree = "<group>"; };
		E2FB27281CFD7BAB006FBA1B /* launch.caf */ = {isa = PBXFileReference; lastKnownFileType = file; path = launch.caf; sourceTree = "<group>"; };
		E2FB27291CFD7BAB006FBA1B /* penguin.png */ = {isa = PBXFileReference; lastKnownFileType = image.png; path = penguin.png; sourceTree = "<group>"; };
		E2FB272A1CFD7BAB006FBA1B /* penguin@2x.png */ = {isa = PBXFileReference; lastKnownFileType = image.png; path = "penguin@2x.png"; sourceTree = "<group>"; };
		E2FB272B1CFD7BAB006FBA1B /* sliceBackground.png */ = {isa = PBXFileReference; lastKnownFileType = image.png; path = sliceBackground.png; sourceTree = "<group>"; };
		E2FB272C1CFD7BAB006FBA1B /* sliceBackground@2x.png */ = {isa = PBXFileReference; lastKnownFileType = image.png; path = "sliceBackground@2x.png"; sourceTree = "<group>"; };
		E2FB272D1CFD7BAB006FBA1B /* sliceBomb.png */ = {isa = PBXFileReference; lastKnownFileType = image.png; path = sliceBomb.png; sourceTree = "<group>"; };
		E2FB272E1CFD7BAB006FBA1B /* sliceBomb@2x.png */ = {isa = PBXFileReference; lastKnownFileType = image.png; path = "sliceBomb@2x.png"; sourceTree = "<group>"; };
		E2FB272F1CFD7BAB006FBA1B /* sliceBombFuse.caf */ = {isa = PBXFileReference; lastKnownFileType = file; path = sliceBombFuse.caf; sourceTree = "<group>"; };
		E2FB27301CFD7BAB006FBA1B /* sliceFuse.sks */ = {isa = PBXFileReference; lastKnownFileType = file.sks; path = sliceFuse.sks; sourceTree = "<group>"; };
		E2FB27311CFD7BAB006FBA1B /* sliceHitBomb.sks */ = {isa = PBXFileReference; lastKnownFileType = file.sks; path = sliceHitBomb.sks; sourceTree = "<group>"; };
		E2FB27321CFD7BAB006FBA1B /* sliceHitEnemy.sks */ = {isa = PBXFileReference; lastKnownFileType = file.sks; path = sliceHitEnemy.sks; sourceTree = "<group>"; };
		E2FB27331CFD7BAB006FBA1B /* sliceLife.png */ = {isa = PBXFileReference; lastKnownFileType = image.png; path = sliceLife.png; sourceTree = "<group>"; };
		E2FB27341CFD7BAB006FBA1B /* sliceLife@2x.png */ = {isa = PBXFileReference; lastKnownFileType = image.png; path = "sliceLife@2x.png"; sourceTree = "<group>"; };
		E2FB27351CFD7BAB006FBA1B /* sliceLifeGone.png */ = {isa = PBXFileReference; lastKnownFileType = image.png; path = sliceLifeGone.png; sourceTree = "<group>"; };
		E2FB27361CFD7BAB006FBA1B /* sliceLifeGone@2x.png */ = {isa = PBXFileReference; lastKnownFileType = image.png; path = "sliceLifeGone@2x.png"; sourceTree = "<group>"; };
		E2FB27371CFD7BAB006FBA1B /* spark.png */ = {isa = PBXFileReference; lastKnownFileType = image.png; path = spark.png; sourceTree = "<group>"; };
		E2FB27381CFD7BAB006FBA1B /* swoosh1.caf */ = {isa = PBXFileReference; lastKnownFileType = file; path = swoosh1.caf; sourceTree = "<group>"; };
		E2FB27391CFD7BAB006FBA1B /* swoosh2.caf */ = {isa = PBXFileReference; lastKnownFileType = file; path = swoosh2.caf; sourceTree = "<group>"; };
		E2FB273A1CFD7BAB006FBA1B /* swoosh3.caf */ = {isa = PBXFileReference; lastKnownFileType = file; path = swoosh3.caf; sourceTree = "<group>"; };
		E2FB273B1CFD7BAB006FBA1B /* whack.caf */ = {isa = PBXFileReference; lastKnownFileType = file; path = whack.caf; sourceTree = "<group>"; };
		E2FB273C1CFD7BAB006FBA1B /* wrong.caf */ = {isa = PBXFileReference; lastKnownFileType = file; path = wrong.caf; sourceTree = "<group>"; };
		E2FB27531CFD7BEF006FBA1B /* Helper.swift */ = {isa = PBXFileReference; fileEncoding = 4; lastKnownFileType = sourcecode.swift; path = Helper.swift; sourceTree = "<group>"; };
/* End PBXFileReference section */

/* Begin PBXFrameworksBuildPhase section */
		E2FB270A1CFD782A006FBA1B /* Frameworks */ = {
			isa = PBXFrameworksBuildPhase;
			buildActionMask = 2147483647;
			files = (
			);
			runOnlyForDeploymentPostprocessing = 0;
		};
/* End PBXFrameworksBuildPhase section */

/* Begin PBXGroup section */
		E2FB27041CFD782A006FBA1B = {
			isa = PBXGroup;
			children = (
				E2FB270F1CFD782A006FBA1B /* SwiftyNinja.Project17 */,
				E2FB270E1CFD782A006FBA1B /* Products */,
			);
			sourceTree = "<group>";
		};
		E2FB270E1CFD782A006FBA1B /* Products */ = {
			isa = PBXGroup;
			children = (
				E2FB270D1CFD782A006FBA1B /* SwiftyNinja.Project17.app */,
			);
			name = Products;
			sourceTree = "<group>";
		};
		E2FB270F1CFD782A006FBA1B /* SwiftyNinja.Project17 */ = {
			isa = PBXGroup;
			children = (
				E2FB27101CFD782A006FBA1B /* AppDelegate.swift */,
				E2FB27121CFD782A006FBA1B /* GameScene.sks */,
				E2FB27141CFD782A006FBA1B /* GameScene.swift */,
				E2FB27161CFD782A006FBA1B /* GameViewController.swift */,
				E2FB27531CFD7BEF006FBA1B /* Helper.swift */,
				E2FB27181CFD782A006FBA1B /* Main.storyboard */,
				E2FB27261CFD7BAB006FBA1B /* Content */,
				E2FB271B1CFD782A006FBA1B /* Assets.xcassets */,
				E2FB271D1CFD782A006FBA1B /* LaunchScreen.storyboard */,
				E2FB27201CFD782A006FBA1B /* Info.plist */,
			);
			path = SwiftyNinja.Project17;
			sourceTree = "<group>";
		};
		E2FB27261CFD7BAB006FBA1B /* Content */ = {
			isa = PBXGroup;
			children = (
				E2FB27271CFD7BAB006FBA1B /* explosion.caf */,
				E2FB27281CFD7BAB006FBA1B /* launch.caf */,
				E2FB27291CFD7BAB006FBA1B /* penguin.png */,
				E2FB272A1CFD7BAB006FBA1B /* penguin@2x.png */,
				E2FB272B1CFD7BAB006FBA1B /* sliceBackground.png */,
				E2FB272C1CFD7BAB006FBA1B /* sliceBackground@2x.png */,
				E2FB272D1CFD7BAB006FBA1B /* sliceBomb.png */,
				E2FB272E1CFD7BAB006FBA1B /* sliceBomb@2x.png */,
				E2FB272F1CFD7BAB006FBA1B /* sliceBombFuse.caf */,
				E2FB27301CFD7BAB006FBA1B /* sliceFuse.sks */,
				E2FB27311CFD7BAB006FBA1B /* sliceHitBomb.sks */,
				E2FB27321CFD7BAB006FBA1B /* sliceHitEnemy.sks */,
				E2FB27331CFD7BAB006FBA1B /* sliceLife.png */,
				E2FB27341CFD7BAB006FBA1B /* sliceLife@2x.png */,
				E2FB27351CFD7BAB006FBA1B /* sliceLifeGone.png */,
				E2FB27361CFD7BAB006FBA1B /* sliceLifeGone@2x.png */,
				E2FB27371CFD7BAB006FBA1B /* spark.png */,
				E2FB27381CFD7BAB006FBA1B /* swoosh1.caf */,
				E2FB27391CFD7BAB006FBA1B /* swoosh2.caf */,
				E2FB273A1CFD7BAB006FBA1B /* swoosh3.caf */,
				E2FB273B1CFD7BAB006FBA1B /* whack.caf */,
				E2FB273C1CFD7BAB006FBA1B /* wrong.caf */,
			);
			path = Content;
			sourceTree = "<group>";
		};
/* End PBXGroup section */

/* Begin PBXNativeTarget section */
		E2FB270C1CFD782A006FBA1B /* SwiftyNinja.Project17 */ = {
			isa = PBXNativeTarget;
			buildConfigurationList = E2FB27231CFD782A006FBA1B /* Build configuration list for PBXNativeTarget "SwiftyNinja.Project17" */;
			buildPhases = (
				E2FB27091CFD782A006FBA1B /* Sources */,
				E2FB270A1CFD782A006FBA1B /* Frameworks */,
				E2FB270B1CFD782A006FBA1B /* Resources */,
			);
			buildRules = (
			);
			dependencies = (
			);
			name = SwiftyNinja.Project17;
			productName = SwiftyNinja.Project17;
			productReference = E2FB270D1CFD782A006FBA1B /* SwiftyNinja.Project17.app */;
			productType = "com.apple.product-type.application";
		};
/* End PBXNativeTarget section */

/* Begin PBXProject section */
		E2FB27051CFD782A006FBA1B /* Project object */ = {
			isa = PBXProject;
			attributes = {
				LastSwiftUpdateCheck = 0720;
				LastUpgradeCheck = 0720;
				ORGANIZATIONNAME = "Elijah Buters";
				TargetAttributes = {
					E2FB270C1CFD782A006FBA1B = {
						CreatedOnToolsVersion = 7.2;
					};
				};
			};
			buildConfigurationList = E2FB27081CFD782A006FBA1B /* Build configuration list for PBXProject "SwiftyNinja.Project17" */;
			compatibilityVersion = "Xcode 3.2";
			developmentRegion = English;
			hasScannedForEncodings = 0;
			knownRegions = (
				en,
				Base,
			);
			mainGroup = E2FB27041CFD782A006FBA1B;
			productRefGroup = E2FB270E1CFD782A006FBA1B /* Products */;
			projectDirPath = "";
			projectRoot = "";
			targets = (
				E2FB270C1CFD782A006FBA1B /* SwiftyNinja.Project17 */,
			);
		};
/* End PBXProject section */

/* Begin PBXResourcesBuildPhase section */
		E2FB270B1CFD782A006FBA1B /* Resources */ = {
			isa = PBXResourcesBuildPhase;
			buildActionMask = 2147483647;
			files = (
				E2FB27411CFD7BAB006FBA1B /* sliceBackground.png in Resources */,
				E2FB27441CFD7BAB006FBA1B /* sliceBomb@2x.png in Resources */,
				E2FB27421CFD7BAB006FBA1B /* sliceBackground@2x.png in Resources */,
				E2FB27481CFD7BAB006FBA1B /* sliceHitEnemy.sks in Resources */,
				E2FB273F1CFD7BAB006FBA1B /* penguin.png in Resources */,
				E2FB27451CFD7BAB006FBA1B /* sliceBombFuse.caf in Resources */,
				E2FB27511CFD7BAB006FBA1B /* whack.caf in Resources */,
				E2FB27461CFD7BAB006FBA1B /* sliceFuse.sks in Resources */,
				E2FB27401CFD7BAB006FBA1B /* penguin@2x.png in Resources */,
				E2FB27131CFD782A006FBA1B /* GameScene.sks in Resources */,
				E2FB273E1CFD7BAB006FBA1B /* launch.caf in Resources */,
				E2FB274D1CFD7BAB006FBA1B /* spark.png in Resources */,
				E2FB27521CFD7BAB006FBA1B /* wrong.caf in Resources */,
				E2FB27471CFD7BAB006FBA1B /* sliceHitBomb.sks in Resources */,
				E2FB27431CFD7BAB006FBA1B /* sliceBomb.png in Resources */,
				E2FB274B1CFD7BAB006FBA1B /* sliceLifeGone.png in Resources */,
				E2FB271F1CFD782A006FBA1B /* LaunchScreen.storyboard in Resources */,
				E2FB274E1CFD7BAB006FBA1B /* swoosh1.caf in Resources */,
				E2FB274C1CFD7BAB006FBA1B /* sliceLifeGone@2x.png in Resources */,
				E2FB27501CFD7BAB006FBA1B /* swoosh3.caf in Resources */,
				E2FB274A1CFD7BAB006FBA1B /* sliceLife@2x.png in Resources */,
				E2FB274F1CFD7BAB006FBA1B /* swoosh2.caf in Resources */,
				E2FB273D1CFD7BAB006FBA1B /* explosion.caf in Resources */,
				E2FB271C1CFD782A006FBA1B /* Assets.xcassets in Resources */,
				E2FB271A1CFD782A006FBA1B /* Main.storyboard in Resources */,
				E2FB27491CFD7BAB006FBA1B /* sliceLife.png in Resources */,
			);
			runOnlyForDeploymentPostprocessing = 0;
		};
/* End PBXResourcesBuildPhase section */

/* Begin PBXSourcesBuildPhase section */
		E2FB27091CFD782A006FBA1B /* Sources */ = {
			isa = PBXSourcesBuildPhase;
			buildActionMask = 2147483647;
			files = (
				E2FB27151CFD782A006FBA1B /* GameScene.swift in Sources */,
				E2FB27171CFD782A006FBA1B /* GameViewController.swift in Sources */,
				E2FB27111CFD782A006FBA1B /* AppDelegate.swift in Sources */,
				E2FB27541CFD7BEF006FBA1B /* Helper.swift in Sources */,
			);
			runOnlyForDeploymentPostprocessing = 0;
		};
/* End PBXSourcesBuildPhase section */

/* Begin PBXVariantGroup section */
		E2FB27181CFD782A006FBA1B /* Main.storyboard */ = {
			isa = PBXVariantGroup;
			children = (
				E2FB27191CFD782A006FBA1B /* Base */,
			);
			name = Main.storyboard;
			sourceTree = "<group>";
		};
		E2FB271D1CFD782A006FBA1B /* LaunchScreen.storyboard */ = {
			isa = PBXVariantGroup;
			children = (
				E2FB271E1CFD782A006FBA1B /* Base */,
			);
			name = LaunchScreen.storyboard;
			sourceTree = "<group>";
		};
/* End PBXVariantGroup section */

/* Begin XCBuildConfiguration section */
		E2FB27211CFD782A006FBA1B /* Debug */ = {
			isa = XCBuildConfiguration;
			buildSettings = {
				ALWAYS_SEARCH_USER_PATHS = NO;
				CLANG_CXX_LANGUAGE_STANDARD = "gnu++0x";
				CLANG_CXX_LIBRARY = "libc++";
				CLANG_ENABLE_MODULES = YES;
				CLANG_ENABLE_OBJC_ARC = YES;
				CLANG_WARN_BOOL_CONVERSION = YES;
				CLANG_WARN_CONSTANT_CONVERSION = YES;
				CLANG_WARN_DIRECT_OBJC_ISA_USAGE = YES_ERROR;
				CLANG_WARN_EMPTY_BODY = YES;
				CLANG_WARN_ENUM_CONVERSION = YES;
				CLANG_WARN_INT_CONVERSION = YES;
				CLANG_WARN_OBJC_ROOT_CLASS = YES_ERROR;
				CLANG_WARN_UNREACHABLE_CODE = YES;
				CLANG_WARN__DUPLICATE_METHOD_MATCH = YES;
				"CODE_SIGN_IDENTITY[sdk=iphoneos*]" = "iPhone Developer";
				COPY_PHASE_STRIP = NO;
				DEBUG_INFORMATION_FORMAT = "dwarf-with-dsym";
				ENABLE_STRICT_OBJC_MSGSEND = YES;
				ENABLE_TESTABILITY = YES;
				GCC_C_LANGUAGE_STANDARD = gnu99;
				GCC_DYNAMIC_NO_PIC = NO;
				GCC_NO_COMMON_BLOCKS = YES;
				GCC_OPTIMIZATION_LEVEL = 0;
				GCC_PREPROCESSOR_DEFINITIONS = (
					"DEBUG=1",
					"$(inherited)",
				);
				GCC_WARN_64_TO_32_BIT_CONVERSION = YES;
				GCC_WARN_ABOUT_RETURN_TYPE = YES_ERROR;
				GCC_WARN_UNDECLARED_SELECTOR = YES;
				GCC_WARN_UNINITIALIZED_AUTOS = YES_AGGRESSIVE;
				GCC_WARN_UNUSED_FUNCTION = YES;
				GCC_WARN_UNUSED_VARIABLE = YES;
				IPHONEOS_DEPLOYMENT_TARGET = 9.2;
				MTL_ENABLE_DEBUG_INFO = YES;
				ONLY_ACTIVE_ARCH = YES;
				SDKROOT = iphoneos;
				SWIFT_OPTIMIZATION_LEVEL = "-Onone";
				TARGETED_DEVICE_FAMILY = 2;
			};
			name = Debug;
		};
		E2FB27221CFD782A006FBA1B /* Release */ = {
			isa = XCBuildConfiguration;
			buildSettings = {
				ALWAYS_SEARCH_USER_PATHS = NO;
				CLANG_CXX_LANGUAGE_STANDARD = "gnu++0x";
				CLANG_CXX_LIBRARY = "libc++";
				CLANG_ENABLE_MODULES = YES;
				CLANG_ENABLE_OBJC_ARC = YES;
				CLANG_WARN_BOOL_CONVERSION = YES;
				CLANG_WARN_CONSTANT_CONVERSION = YES;
				CLANG_WARN_DIRECT_OBJC_ISA_USAGE = YES_ERROR;
				CLANG_WARN_EMPTY_BODY = YES;
				CLANG_WARN_ENUM_CONVERSION = YES;
				CLANG_WARN_INT_CONVERSION = YES;
				CLANG_WARN_OBJC_ROOT_CLASS = YES_ERROR;
				CLANG_WARN_UNREACHABLE_CODE = YES;
				CLANG_WARN__DUPLICATE_METHOD_MATCH = YES;
				"CODE_SIGN_IDENTITY[sdk=iphoneos*]" = "iPhone Developer";
				COPY_PHASE_STRIP = NO;
				DEBUG_INFORMATION_FORMAT = "dwarf-with-dsym";
				ENABLE_NS_ASSERTIONS = NO;
				ENABLE_STRICT_OBJC_MSGSEND = YES;
				GCC_C_LANGUAGE_STANDARD = gnu99;
				GCC_NO_COMMON_BLOCKS = YES;
				GCC_WARN_64_TO_32_BIT_CONVERSION = YES;
				GCC_WARN_ABOUT_RETURN_TYPE = YES_ERROR;
				GCC_WARN_UNDECLARED_SELECTOR = YES;
				GCC_WARN_UNINITIALIZED_AUTOS = YES_AGGRESSIVE;
				GCC_WARN_UNUSED_FUNCTION = YES;
				GCC_WARN_UNUSED_VARIABLE = YES;
				IPHONEOS_DEPLOYMENT_TARGET = 9.2;
				MTL_ENABLE_DEBUG_INFO = NO;
				SDKROOT = iphoneos;
				TARGETED_DEVICE_FAMILY = 2;
				VALIDATE_PRODUCT = YES;
			};
			name = Release;
		};
		E2FB27241CFD782A006FBA1B /* Debug */ = {
			isa = XCBuildConfiguration;
			buildSettings = {
				ASSETCATALOG_COMPILER_APPICON_NAME = AppIcon;
				INFOPLIST_FILE = SwiftyNinja.Project17/Info.plist;
				LD_RUNPATH_SEARCH_PATHS = "$(inherited) @executable_path/Frameworks";
				PRODUCT_BUNDLE_IDENTIFIER = "Macintosh.SwiftyNinja-Project17";
				PRODUCT_NAME = "$(TARGET_NAME)";
			};
			name = Debug;
		};
		E2FB27251CFD782A006FBA1B /* Release */ = {
			isa = XCBuildConfiguration;
			buildSettings = {
				ASSETCATALOG_COMPILER_APPICON_NAME = AppIcon;
				INFOPLIST_FILE = SwiftyNinja.Project17/Info.plist;
				LD_RUNPATH_SEARCH_PATHS = "$(inherited) @executable_path/Frameworks";
				PRODUCT_BUNDLE_IDENTIFIER = "Macintosh.SwiftyNinja-Project17";
				PRODUCT_NAME = "$(TARGET_NAME)";
			};
			name = Release;
		};
/* End XCBuildConfiguration section */

/* Begin XCConfigurationList section */
		E2FB27081CFD782A006FBA1B /* Build configuration list for PBXProject "SwiftyNinja.Project17" */ = {
			isa = XCConfigurationList;
			buildConfigurations = (
				E2FB27211CFD782A006FBA1B /* Debug */,
				E2FB27221CFD782A006FBA1B /* Release */,
			);
			defaultConfigurationIsVisible = 0;
			defaultConfigurationName = Release;
		};
		E2FB27231CFD782A006FBA1B /* Build configuration list for PBXNativeTarget "SwiftyNinja.Project17" */ = {
			isa = XCConfigurationList;
			buildConfigurations = (
				E2FB27241CFD782A006FBA1B /* Debug */,
				E2FB27251CFD782A006FBA1B /* Release */,
			);
			defaultConfigurationIsVisible = 0;
			defaultConfigurationName = Release;
		};
/* End XCConfigurationList section */
	};
	rootObject = E2FB27051CFD782A006FBA1B /* Project object */;
}
